{
  "version": 4,
  "terraform_version": "1.12.2",
  "serial": 6,
  "lineage": "d86c01cd-44cf-1f86-5d87-1948ca9e5504",
  "outputs": {},
  "resources": [
    {
      "mode": "managed",
      "type": "docker_image",
      "name": "nginx",
      "provider": "provider[\"registry.terraform.io/kreuzwerker/docker\"]",
      "instances": [
        {
          "schema_version": 0,
          "attributes": {
            "build": [],
            "force_remove": null,
            "id": "sha256:84ec966e61a8c7846f509da7eb081c55c1d56817448728924a87ab32f12a72fbnginx:latest",
            "image_id": "sha256:84ec966e61a8c7846f509da7eb081c55c1d56817448728924a87ab32f12a72fb",
            "keep_locally": null,
            "name": "nginx:latest",
            "platform": null,
            "pull_triggers": null,
            "repo_digest": "nginx@sha256:84ec966e61a8c7846f509da7eb081c55c1d56817448728924a87ab32f12a72fb",
            "triggers": null
          },
          "sensitive_attributes": [],
          "identity_schema_version": 0,
          "private": "bnVsbA=="
        }
      ]
    }
  ],
  "check_results": null
}
